
Microsoft Visual Studio Solution File, Format Version 12.00
# Visual Studio Version 17
VisualStudioVersion = 17.11.35118.90
MinimumVisualStudioVersion = 10.0.40219.1
Project("{9A19103F-16F7-4668-BE54-9A1E7A4F7556}") = "CommonTypeUnions", "src\CommonTypeUnions\CommonTypeUnions.csproj", "{58675D51-DC5A-4547-848C-40FCFFA47E67}"
EndProject
Project("{FAE04EC0-301F-11D3-BF4B-00C04F79EFBC}") = "CommonTypeUnions.Tests", "tests\CommonTypeUnions.Tests\CommonTypeUnions.Tests.csproj", "{405FAAD4-D89E-4569-99B3-D4FA42E0A0C0}"
EndProject
Global
	GlobalSection(SolutionConfigurationPlatforms) = preSolution
		Debug|Any CPU = Debug|Any CPU
		Release|Any CPU = Release|Any CPU
	EndGlobalSection
	GlobalSection(ProjectConfigurationPlatforms) = postSolution
		{58675D51-DC5A-4547-848C-40FCFFA47E67}.Debug|Any CPU.ActiveCfg = Debug|Any CPU
		{58675D51-DC5A-4547-848C-40FCFFA47E67}.Debug|Any CPU.Build.0 = Debug|Any CPU
		{58675D51-DC5A-4547-848C-40FCFFA47E67}.Release|Any CPU.ActiveCfg = Release|Any CPU
		{58675D51-DC5A-4547-848C-40FCFFA47E67}.Release|Any CPU.Build.0 = Release|Any CPU
		{405FAAD4-D89E-4569-99B3-D4FA42E0A0C0}.Debug|Any CPU.ActiveCfg = Debug|Any CPU
		{405FAAD4-D89E-4569-99B3-D4FA42E0A0C0}.Debug|Any CPU.Build.0 = Debug|Any CPU
		{405FAAD4-D89E-4569-99B3-D4FA42E0A0C0}.Release|Any CPU.ActiveCfg = Release|Any CPU
		{405FAAD4-D89E-4569-99B3-D4FA42E0A0C0}.Release|Any CPU.Build.0 = Release|Any CPU
	EndGlobalSection
	GlobalSection(SolutionProperties) = preSolution
		HideSolutionNode = FALSE
	EndGlobalSection
	GlobalSection(ExtensibilityGlobals) = postSolution
		SolutionGuid = {2A1A1B39-3CB7-4D7E-829B-433AC4EDB062}
	EndGlobalSection
EndGlobal
